// !$*UTF8*$!
{
	archiveVersion = 1;
	classes = {
	};
	objectVersion = 46;
	objects = {

/* Begin PBXBuildFile section */
		8E2205ED1C47A25700501072 /* main.m in Sources */ = {isa = PBXBuildFile; fileRef = 8E2205EC1C47A25700501072 /* main.m */; };
		8E2205F01C47A25700501072 /* AppDelegate.m in Sources */ = {isa = PBXBuildFile; fileRef = 8E2205EF1C47A25700501072 /* AppDelegate.m */; };
		8E2205F31C47A25700501072 /* ViewController.m in Sources */ = {isa = PBXBuildFile; fileRef = 8E2205F21C47A25700501072 /* ViewController.m */; };
		8E2205F61C47A25700501072 /* Main.storyboard in Resources */ = {isa = PBXBuildFile; fileRef = 8E2205F41C47A25700501072 /* Main.storyboard */; };
		8E2205F81C47A25700501072 /* Assets.xcassets in Resources */ = {isa = PBXBuildFile; fileRef = 8E2205F71C47A25700501072 /* Assets.xcassets */; };
		8E2205FB1C47A25700501072 /* LaunchScreen.storyboard in Resources */ = {isa = PBXBuildFile; fileRef = 8E2205F91C47A25700501072 /* LaunchScreen.storyboard */; };
		8E2206051C47B35C00501072 /* HackerNewsAPI.m in Sources */ = {isa = PBXBuildFile; fileRef = 8E2206041C47B35C00501072 /* HackerNewsAPI.m */; };
		8E2206081C47B7F000501072 /* Story.m in Sources */ = {isa = PBXBuildFile; fileRef = 8E2206071C47B7F000501072 /* Story.m */; };
		8E22060B1C47B98900501072 /* StoryCollection.m in Sources */ = {isa = PBXBuildFile; fileRef = 8E22060A1C47B98900501072 /* StoryCollection.m */; };
		8E22060F1C47C05200501072 /* HackerNewsComm.m in Sources */ = {isa = PBXBuildFile; fileRef = 8E22060E1C47C05200501072 /* HackerNewsComm.m */; };
		8E2206171C47C83800501072 /* HackerNewsTests.m in Sources */ = {isa = PBXBuildFile; fileRef = 8E2206161C47C83800501072 /* HackerNewsTests.m */; };
		8E2206351C48079D00501072 /* HNSplitViewController.m in Sources */ = {isa = PBXBuildFile; fileRef = 8E2206341C48079D00501072 /* HNSplitViewController.m */; };
		8E2206381C48E1D700501072 /* DetailViewController.m in Sources */ = {isa = PBXBuildFile; fileRef = 8E2206371C48E1D700501072 /* DetailViewController.m */; };
		8E22063E1C48E65500501072 /* MasterTableViewController.m in Sources */ = {isa = PBXBuildFile; fileRef = 8E22063D1C48E65500501072 /* MasterTableViewController.m */; };
/* End PBXBuildFile section */

/* Begin PBXContainerItemProxy section */
		8E2206191C47C83800501072 /* PBXContainerItemProxy */ = {
			isa = PBXContainerItemProxy;
			containerPortal = 8E2205E01C47A25700501072 /* Project object */;
			proxyType = 1;
			remoteGlobalIDString = 8E2205E71C47A25700501072;
			remoteInfo = HackerNews;
		};
/* End PBXContainerItemProxy section */

/* Begin PBXFileReference section */
		8E2205E81C47A25700501072 /* HackerNews.app */ = {isa = PBXFileReference; explicitFileType = wrapper.application; includeInIndex = 0; path = HackerNews.app; sourceTree = BUILT_PRODUCTS_DIR; };
		8E2205EC1C47A25700501072 /* main.m */ = {isa = PBXFileReference; lastKnownFileType = sourcecode.c.objc; path = main.m; sourceTree = "<group>"; };
		8E2205EE1C47A25700501072 /* AppDelegate.h */ = {isa = PBXFileReference; lastKnownFileType = sourcecode.c.h; path = AppDelegate.h; sourceTree = "<group>"; };
		8E2205EF1C47A25700501072 /* AppDelegate.m */ = {isa = PBXFileReference; lastKnownFileType = sourcecode.c.objc; path = AppDelegate.m; sourceTree = "<group>"; };
		8E2205F11C47A25700501072 /* ViewController.h */ = {isa = PBXFileReference; lastKnownFileType = sourcecode.c.h; path = ViewController.h; sourceTree = "<group>"; };
		8E2205F21C47A25700501072 /* ViewController.m */ = {isa = PBXFileReference; lastKnownFileType = sourcecode.c.objc; path = ViewController.m; sourceTree = "<group>"; };
		8E2205F51C47A25700501072 /* Base */ = {isa = PBXFileReference; lastKnownFileType = file.storyboard; name = Base; path = Base.lproj/Main.storyboard; sourceTree = "<group>"; };
		8E2205F71C47A25700501072 /* Assets.xcassets */ = {isa = PBXFileReference; lastKnownFileType = folder.assetcatalog; path = Assets.xcassets; sourceTree = "<group>"; };
		8E2205FA1C47A25700501072 /* Base */ = {isa = PBXFileReference; lastKnownFileType = file.storyboard; name = Base; path = Base.lproj/LaunchScreen.storyboard; sourceTree = "<group>"; };
		8E2205FC1C47A25700501072 /* Info.plist */ = {isa = PBXFileReference; lastKnownFileType = text.plist.xml; path = Info.plist; sourceTree = "<group>"; };
		8E2206031C47B35C00501072 /* HackerNewsAPI.h */ = {isa = PBXFileReference; fileEncoding = 4; lastKnownFileType = sourcecode.c.h; path = HackerNewsAPI.h; sourceTree = "<group>"; };
		8E2206041C47B35C00501072 /* HackerNewsAPI.m */ = {isa = PBXFileReference; fileEncoding = 4; lastKnownFileType = sourcecode.c.objc; path = HackerNewsAPI.m; sourceTree = "<group>"; };
		8E2206061C47B7F000501072 /* Story.h */ = {isa = PBXFileReference; fileEncoding = 4; lastKnownFileType = sourcecode.c.h; path = Story.h; sourceTree = "<group>"; };
		8E2206071C47B7F000501072 /* Story.m */ = {isa = PBXFileReference; fileEncoding = 4; lastKnownFileType = sourcecode.c.objc; path = Story.m; sourceTree = "<group>"; };
		8E2206091C47B98900501072 /* StoryCollection.h */ = {isa = PBXFileReference; fileEncoding = 4; lastKnownFileType = sourcecode.c.h; path = StoryCollection.h; sourceTree = "<group>"; };
		8E22060A1C47B98900501072 /* StoryCollection.m */ = {isa = PBXFileReference; fileEncoding = 4; lastKnownFileType = sourcecode.c.objc; path = StoryCollection.m; sourceTree = "<group>"; };
		8E22060D1C47C05200501072 /* HackerNewsComm.h */ = {isa = PBXFileReference; fileEncoding = 4; lastKnownFileType = sourcecode.c.h; path = HackerNewsComm.h; sourceTree = "<group>"; };
		8E22060E1C47C05200501072 /* HackerNewsComm.m */ = {isa = PBXFileReference; fileEncoding = 4; lastKnownFileType = sourcecode.c.objc; path = HackerNewsComm.m; sourceTree = "<group>"; };
		8E2206141C47C83800501072 /* HackerNewsTests.xctest */ = {isa = PBXFileReference; explicitFileType = wrapper.cfbundle; includeInIndex = 0; path = HackerNewsTests.xctest; sourceTree = BUILT_PRODUCTS_DIR; };
		8E2206161C47C83800501072 /* HackerNewsTests.m */ = {isa = PBXFileReference; lastKnownFileType = sourcecode.c.objc; path = HackerNewsTests.m; sourceTree = "<group>"; };
		8E2206181C47C83800501072 /* Info.plist */ = {isa = PBXFileReference; lastKnownFileType = text.plist.xml; path = Info.plist; sourceTree = "<group>"; };
		8E2206331C48079D00501072 /* HNSplitViewController.h */ = {isa = PBXFileReference; fileEncoding = 4; lastKnownFileType = sourcecode.c.h; path = HNSplitViewController.h; sourceTree = "<group>"; };
		8E2206341C48079D00501072 /* HNSplitViewController.m */ = {isa = PBXFileReference; fileEncoding = 4; lastKnownFileType = sourcecode.c.objc; path = HNSplitViewController.m; sourceTree = "<group>"; };
		8E2206361C48E1D700501072 /* DetailViewController.h */ = {isa = PBXFileReference; fileEncoding = 4; lastKnownFileType = sourcecode.c.h; path = DetailViewController.h; sourceTree = "<group>"; };
		8E2206371C48E1D700501072 /* DetailViewController.m */ = {isa = PBXFileReference; fileEncoding = 4; lastKnownFileType = sourcecode.c.objc; path = DetailViewController.m; sourceTree = "<group>"; };
		8E22063C1C48E65500501072 /* MasterTableViewController.h */ = {isa = PBXFileReference; fileEncoding = 4; lastKnownFileType = sourcecode.c.h; path = MasterTableViewController.h; sourceTree = "<group>"; };
		8E22063D1C48E65500501072 /* MasterTableViewController.m */ = {isa = PBXFileReference; fileEncoding = 4; lastKnownFileType = sourcecode.c.objc; path = MasterTableViewController.m; sourceTree = "<group>"; };
/* End PBXFileReference section */

/* Begin PBXFrameworksBuildPhase section */
		8E2205E51C47A25700501072 /* Frameworks */ = {
			isa = PBXFrameworksBuildPhase;
			buildActionMask = 2147483647;
			files = (
			);
			runOnlyForDeploymentPostprocessing = 0;
		};
		8E2206111C47C83800501072 /* Frameworks */ = {
			isa = PBXFrameworksBuildPhase;
			buildActionMask = 2147483647;
			files = (
			);
			runOnlyForDeploymentPostprocessing = 0;
		};
/* End PBXFrameworksBuildPhase section */

/* Begin PBXGroup section */
		8E2205DF1C47A25700501072 = {
			isa = PBXGroup;
			children = (
				8E2205EA1C47A25700501072 /* HackerNews */,
				8E2206151C47C83800501072 /* HackerNewsTests */,
				8E2205E91C47A25700501072 /* Products */,
			);
			sourceTree = "<group>";
		};
		8E2205E91C47A25700501072 /* Products */ = {
			isa = PBXGroup;
			children = (
				8E2205E81C47A25700501072 /* HackerNews.app */,
				8E2206141C47C83800501072 /* HackerNewsTests.xctest */,
			);
			name = Products;
			sourceTree = "<group>";
		};
		8E2205EA1C47A25700501072 /* HackerNews */ = {
			isa = PBXGroup;
			children = (
				8E2206321C48076000501072 /* Controllers */,
				8E22060C1C47BFFA00501072 /* Comm */,
				8E2206021C47B2FD00501072 /* Model */,
				8E2205EE1C47A25700501072 /* AppDelegate.h */,
				8E2205EF1C47A25700501072 /* AppDelegate.m */,
				8E2205F11C47A25700501072 /* ViewController.h */,
				8E2205F21C47A25700501072 /* ViewController.m */,
				8E2205F41C47A25700501072 /* Main.storyboard */,
				8E2205F71C47A25700501072 /* Assets.xcassets */,
				8E2205F91C47A25700501072 /* LaunchScreen.storyboard */,
				8E2205FC1C47A25700501072 /* Info.plist */,
				8E2205EB1C47A25700501072 /* Supporting Files */,
			);
			path = HackerNews;
			sourceTree = "<group>";
		};
		8E2205EB1C47A25700501072 /* Supporting Files */ = {
			isa = PBXGroup;
			children = (
				8E2205EC1C47A25700501072 /* main.m */,
			);
			name = "Supporting Files";
			sourceTree = "<group>";
		};
		8E2206021C47B2FD00501072 /* Model */ = {
			isa = PBXGroup;
			children = (
				8E2206031C47B35C00501072 /* HackerNewsAPI.h */,
				8E2206041C47B35C00501072 /* HackerNewsAPI.m */,
				8E2206061C47B7F000501072 /* Story.h */,
				8E2206071C47B7F000501072 /* Story.m */,
				8E2206091C47B98900501072 /* StoryCollection.h */,
				8E22060A1C47B98900501072 /* StoryCollection.m */,
			);
			name = Model;
			sourceTree = "<group>";
		};
		8E22060C1C47BFFA00501072 /* Comm */ = {
			isa = PBXGroup;
			children = (
				8E22060D1C47C05200501072 /* HackerNewsComm.h */,
				8E22060E1C47C05200501072 /* HackerNewsComm.m */,
			);
			name = Comm;
			sourceTree = "<group>";
		};
		8E2206151C47C83800501072 /* HackerNewsTests */ = {
			isa = PBXGroup;
			children = (
				8E2206161C47C83800501072 /* HackerNewsTests.m */,
				8E2206181C47C83800501072 /* Info.plist */,
			);
			path = HackerNewsTests;
			sourceTree = "<group>";
		};
		8E2206321C48076000501072 /* Controllers */ = {
			isa = PBXGroup;
			children = (
				8E2206331C48079D00501072 /* HNSplitViewController.h */,
				8E2206341C48079D00501072 /* HNSplitViewController.m */,
				8E2206361C48E1D700501072 /* DetailViewController.h */,
				8E2206371C48E1D700501072 /* DetailViewController.m */,
				8E22063C1C48E65500501072 /* MasterTableViewController.h */,
				8E22063D1C48E65500501072 /* MasterTableViewController.m */,
			);
			name = Controllers;
			sourceTree = "<group>";
		};
/* End PBXGroup section */

/* Begin PBXNativeTarget section */
		8E2205E71C47A25700501072 /* HackerNews */ = {
			isa = PBXNativeTarget;
			buildConfigurationList = 8E2205FF1C47A25700501072 /* Build configuration list for PBXNativeTarget "HackerNews" */;
			buildPhases = (
				8E2205E41C47A25700501072 /* Sources */,
				8E2205E51C47A25700501072 /* Frameworks */,
				8E2205E61C47A25700501072 /* Resources */,
			);
			buildRules = (
			);
			dependencies = (
			);
			name = HackerNews;
			productName = HackerNews;
			productReference = 8E2205E81C47A25700501072 /* HackerNews.app */;
			productType = "com.apple.product-type.application";
		};
		8E2206131C47C83800501072 /* HackerNewsTests */ = {
			isa = PBXNativeTarget;
			buildConfigurationList = 8E22061B1C47C83800501072 /* Build configuration list for PBXNativeTarget "HackerNewsTests" */;
			buildPhases = (
				8E2206101C47C83800501072 /* Sources */,
				8E2206111C47C83800501072 /* Frameworks */,
				8E2206121C47C83800501072 /* Resources */,
			);
			buildRules = (
			);
			dependencies = (
				8E22061A1C47C83800501072 /* PBXTargetDependency */,
			);
			name = HackerNewsTests;
			productName = HackerNewsTests;
			productReference = 8E2206141C47C83800501072 /* HackerNewsTests.xctest */;
			productType = "com.apple.product-type.bundle.unit-test";
		};
/* End PBXNativeTarget section */

/* Begin PBXProject section */
		8E2205E01C47A25700501072 /* Project object */ = {
			isa = PBXProject;
			attributes = {
				LastUpgradeCheck = 0720;
				ORGANIZATIONNAME = mobileacademy;
				TargetAttributes = {
					8E2205E71C47A25700501072 = {
						CreatedOnToolsVersion = 7.2;
					};
					8E2206131C47C83800501072 = {
						CreatedOnToolsVersion = 7.2;
						TestTargetID = 8E2205E71C47A25700501072;
					};
				};
			};
			buildConfigurationList = 8E2205E31C47A25700501072 /* Build configuration list for PBXProject "HackerNews" */;
			compatibilityVersion = "Xcode 3.2";
			developmentRegion = English;
			hasScannedForEncodings = 0;
			knownRegions = (
				en,
				Base,
			);
			mainGroup = 8E2205DF1C47A25700501072;
			productRefGroup = 8E2205E91C47A25700501072 /* Products */;
			projectDirPath = "";
			projectRoot = "";
			targets = (
				8E2205E71C47A25700501072 /* HackerNews */,
				8E2206131C47C83800501072 /* HackerNewsTests */,
			);
		};
/* End PBXProject section */

/* Begin PBXResourcesBuildPhase section */
		8E2205E61C47A25700501072 /* Resources */ = {
			isa = PBXResourcesBuildPhase;
			buildActionMask = 2147483647;
			files = (
				8E2205FB1C47A25700501072 /* LaunchScreen.storyboard in Resources */,
				8E2205F81C47A25700501072 /* Assets.xcassets in Resources */,
				8E2205F61C47A25700501072 /* Main.storyboard in Resources */,
			);
			runOnlyForDeploymentPostprocessing = 0;
		};
		8E2206121C47C83800501072 /* Resources */ = {
			isa = PBXResourcesBuildPhase;
			buildActionMask = 2147483647;
			files = (
			);
			runOnlyForDeploymentPostprocessing = 0;
		};
/* End PBXResourcesBuildPhase section */

/* Begin PBXSourcesBuildPhase section */
		8E2205E41C47A25700501072 /* Sources */ = {
			isa = PBXSourcesBuildPhase;
			buildActionMask = 2147483647;
			files = (
				8E2205F31C47A25700501072 /* ViewController.m in Sources */,
				8E22060F1C47C05200501072 /* HackerNewsComm.m in Sources */,
				8E2206381C48E1D700501072 /* DetailViewController.m in Sources */,
				8E2205F01C47A25700501072 /* AppDelegate.m in Sources */,
				8E2206351C48079D00501072 /* HNSplitViewController.m in Sources */,
				8E22063E1C48E65500501072 /* MasterTableViewController.m in Sources */,
				8E2205ED1C47A25700501072 /* main.m in Sources */,
				8E22060B1C47B98900501072 /* StoryCollection.m in Sources */,
				8E2206081C47B7F000501072 /* Story.m in Sources */,
				8E2206051C47B35C00501072 /* HackerNewsAPI.m in Sources */,
			);
			runOnlyForDeploymentPostprocessing = 0;
		};
		8E2206101C47C83800501072 /* Sources */ = {
			isa = PBXSourcesBuildPhase;
			buildActionMask = 2147483647;
			files = (
				8E2206171C47C83800501072 /* HackerNewsTests.m in Sources */,
			);
			runOnlyForDeploymentPostprocessing = 0;
		};
/* End PBXSourcesBuildPhase section */

/* Begin PBXTargetDependency section */
		8E22061A1C47C83800501072 /* PBXTargetDependency */ = {
			isa = PBXTargetDependency;
			target = 8E2205E71C47A25700501072 /* HackerNews */;
			targetProxy = 8E2206191C47C83800501072 /* PBXContainerItemProxy */;
		};
/* End PBXTargetDependency section */

/* Begin PBXVariantGroup section */
		8E2205F41C47A25700501072 /* Main.storyboard */ = {
			isa = PBXVariantGroup;
			children = (
				8E2205F51C47A25700501072 /* Base */,
			);
			name = Main.storyboard;
			sourceTree = "<group>";
		};
		8E2205F91C47A25700501072 /* LaunchScreen.storyboard */ = {
			isa = PBXVariantGroup;
			children = (
				8E2205FA1C47A25700501072 /* Base */,
			);
			name = LaunchScreen.storyboard;
			sourceTree = "<group>";
		};
/* End PBXVariantGroup section */

/* Begin XCBuildConfiguration section */
		8E2205FD1C47A25700501072 /* Debug */ = {
			isa = XCBuildConfiguration;
			buildSettings = {
				ALWAYS_SEARCH_USER_PATHS = NO;
				CLANG_CXX_LANGUAGE_STANDARD = "gnu++0x";
				CLANG_CXX_LIBRARY = "libc++";
				CLANG_ENABLE_MODULES = YES;
				CLANG_ENABLE_OBJC_ARC = YES;
				CLANG_WARN_BOOL_CONVERSION = YES;
				CLANG_WARN_CONSTANT_CONVERSION = YES;
				CLANG_WARN_DIRECT_OBJC_ISA_USAGE = YES_ERROR;
				CLANG_WARN_EMPTY_BODY = YES;
				CLANG_WARN_ENUM_CONVERSION = YES;
				CLANG_WARN_INT_CONVERSION = YES;
				CLANG_WARN_OBJC_ROOT_CLASS = YES_ERROR;
				CLANG_WARN_UNREACHABLE_CODE = YES;
				CLANG_WARN__DUPLICATE_METHOD_MATCH = YES;
				"CODE_SIGN_IDENTITY[sdk=iphoneos*]" = "iPhone Developer";
				COPY_PHASE_STRIP = NO;
				DEBUG_INFORMATION_FORMAT = dwarf;
				ENABLE_STRICT_OBJC_MSGSEND = YES;
				ENABLE_TESTABILITY = YES;
				GCC_C_LANGUAGE_STANDARD = gnu99;
				GCC_DYNAMIC_NO_PIC = NO;
				GCC_NO_COMMON_BLOCKS = YES;
				GCC_OPTIMIZATION_LEVEL = 0;
				GCC_PREPROCESSOR_DEFINITIONS = (
					"DEBUG=1",
					"$(inherited)",
				);
				GCC_WARN_64_TO_32_BIT_CONVERSION = YES;
				GCC_WARN_ABOUT_RETURN_TYPE = YES_ERROR;
				GCC_WARN_UNDECLARED_SELECTOR = YES;
				GCC_WARN_UNINITIALIZED_AUTOS = YES_AGGRESSIVE;
				GCC_WARN_UNUSED_FUNCTION = YES;
				GCC_WARN_UNUSED_VARIABLE = YES;
				IPHONEOS_DEPLOYMENT_TARGET = 9.2;
				MTL_ENABLE_DEBUG_INFO = YES;
				ONLY_ACTIVE_ARCH = YES;
				SDKROOT = iphoneos;
			};
			name = Debug;
		};
		8E2205FE1C47A25700501072 /* Release */ = {
			isa = XCBuildConfiguration;
			buildSettings = {
				ALWAYS_SEARCH_USER_PATHS = NO;
				CLANG_CXX_LANGUAGE_STANDARD = "gnu++0x";
				CLANG_CXX_LIBRARY = "libc++";
				CLANG_ENABLE_MODULES = YES;
				CLANG_ENABLE_OBJC_ARC = YES;
				CLANG_WARN_BOOL_CONVERSION = YES;
				CLANG_WARN_CONSTANT_CONVERSION = YES;
				CLANG_WARN_DIRECT_OBJC_ISA_USAGE = YES_ERROR;
				CLANG_WARN_EMPTY_BODY = YES;
				CLANG_WARN_ENUM_CONVERSION = YES;
				CLANG_WARN_INT_CONVERSION = YES;
				CLANG_WARN_OBJC_ROOT_CLASS = YES_ERROR;
				CLANG_WARN_UNREACHABLE_CODE = YES;
				CLANG_WARN__DUPLICATE_METHOD_MATCH = YES;
				"CODE_SIGN_IDENTITY[sdk=iphoneos*]" = "iPhone Developer";
				COPY_PHASE_STRIP = NO;
				DEBUG_INFORMATION_FORMAT = "dwarf-with-dsym";
				ENABLE_NS_ASSERTIONS = NO;
				ENABLE_STRICT_OBJC_MSGSEND = YES;
				GCC_C_LANGUAGE_STANDARD = gnu99;
				GCC_NO_COMMON_BLOCKS = YES;
				GCC_WARN_64_TO_32_BIT_CONVERSION = YES;
				GCC_WARN_ABOUT_RETURN_TYPE = YES_ERROR;
				GCC_WARN_UNDECLARED_SELECTOR = YES;
				GCC_WARN_UNINITIALIZED_AUTOS = YES_AGGRESSIVE;
				GCC_WARN_UNUSED_FUNCTION = YES;
				GCC_WARN_UNUSED_VARIABLE = YES;
				IPHONEOS_DEPLOYMENT_TARGET = 9.2;
				MTL_ENABLE_DEBUG_INFO = NO;
				SDKROOT = iphoneos;
				VALIDATE_PRODUCT = YES;
			};
			name = Release;
		};
		8E2206001C47A25700501072 /* Debug */ = {
			isa = XCBuildConfiguration;
			buildSettings = {
				ASSETCATALOG_COMPILER_APPICON_NAME = AppIcon;
				INFOPLIST_FILE = HackerNews/Info.plist;
				LD_RUNPATH_SEARCH_PATHS = "$(inherited) @executable_path/Frameworks";
				PRODUCT_BUNDLE_IDENTIFIER = com.mobileacademy.HackerNews;
				PRODUCT_NAME = "$(TARGET_NAME)";
			};
			name = Debug;
		};
		8E2206011C47A25700501072 /* Release */ = {
			isa = XCBuildConfiguration;
			buildSettings = {
				ASSETCATALOG_COMPILER_APPICON_NAME = AppIcon;
				INFOPLIST_FILE = HackerNews/Info.plist;
				LD_RUNPATH_SEARCH_PATHS = "$(inherited) @executable_path/Frameworks";
				PRODUCT_BUNDLE_IDENTIFIER = com.mobileacademy.HackerNews;
				PRODUCT_NAME = "$(TARGET_NAME)";
			};
			name = Release;
		};
		8E22061C1C47C83800501072 /* Debug */ = {
			isa = XCBuildConfiguration;
			buildSettings = {
				BUNDLE_LOADER = "$(TEST_HOST)";
				INFOPLIST_FILE = HackerNewsTests/Info.plist;
				LD_RUNPATH_SEARCH_PATHS = "$(inherited) @executable_path/Frameworks @loader_path/Frameworks";
				PRODUCT_BUNDLE_IDENTIFIER = com.mobileacademy.HackerNewsTests;
				PRODUCT_NAME = "$(TARGET_NAME)";
				TEST_HOST = "$(BUILT_PRODUCTS_DIR)/HackerNews.app/HackerNews";
			};
			name = Debug;
		};
		8E22061D1C47C83800501072 /* Release */ = {
			isa = XCBuildConfiguration;
			buildSettings = {
				BUNDLE_LOADER = "$(TEST_HOST)";
				INFOPLIST_FILE = HackerNewsTests/Info.plist;
				LD_RUNPATH_SEARCH_PATHS = "$(inherited) @executable_path/Frameworks @loader_path/Frameworks";
				PRODUCT_BUNDLE_IDENTIFIER = com.mobileacademy.HackerNewsTests;
				PRODUCT_NAME = "$(TARGET_NAME)";
				TEST_HOST = "$(BUILT_PRODUCTS_DIR)/HackerNews.app/HackerNews";
			};
			name = Release;
		};
/* End XCBuildConfiguration section */

/* Begin XCConfigurationList section */
		8E2205E31C47A25700501072 /* Build configuration list for PBXProject "HackerNews" */ = {
			isa = XCConfigurationList;
			buildConfigurations = (
				8E2205FD1C47A25700501072 /* Debug */,
				8E2205FE1C47A25700501072 /* Release */,
			);
			defaultConfigurationIsVisible = 0;
			defaultConfigurationName = Release;
		};
		8E2205FF1C47A25700501072 /* Build configuration list for PBXNativeTarget "HackerNews" */ = {
			isa = XCConfigurationList;
			buildConfigurations = (
				8E2206001C47A25700501072 /* Debug */,
				8E2206011C47A25700501072 /* Release */,
			);
			defaultConfigurationIsVisible = 0;
		};
		8E22061B1C47C83800501072 /* Build configuration list for PBXNativeTarget "HackerNewsTests" */ = {
			isa = XCConfigurationList;
			buildConfigurations = (
				8E22061C1C47C83800501072 /* Debug */,
				8E22061D1C47C83800501072 /* Release */,
			);
			defaultConfigurationIsVisible = 0;
		};
/* End XCConfigurationList section */
	};
	rootObject = 8E2205E01C47A25700501072 /* Project object */;
}
